
Microsoft Visual Studio Solution File, Format Version 12.00
# Visual Studio Version 17
VisualStudioVersion = 17.0.31903.59
MinimumVisualStudioVersion = 10.0.40219.1
Project("{2150E333-8FDC-42A3-9474-1A3956D46DE8}") = "Source", "Source", "{79329D2B-0ADD-4BEF-AEA2-2361AB8F873D}"
EndProject
Project("{FAE04EC0-301F-11D3-BF4B-00C04F79EFBC}") = "Padutronics.Collections", "Source\Padutronics.Collections\Padutronics.Collections.csproj", "{8C4785D2-C16D-4A7A-AF67-6DCD7A183BC8}"
EndProject
Global
	GlobalSection(SolutionConfigurationPlatforms) = preSolution
		Debug|Any CPU = Debug|Any CPU
		Release|Any CPU = Release|Any CPU
	EndGlobalSection
	GlobalSection(SolutionProperties) = preSolution
		HideSolutionNode = FALSE
	EndGlobalSection
	GlobalSection(ProjectConfigurationPlatforms) = postSolution
		{8C4785D2-C16D-4A7A-AF67-6DCD7A183BC8}.Debug|Any CPU.ActiveCfg = Debug|Any CPU
		{8C4785D2-C16D-4A7A-AF67-6DCD7A183BC8}.Debug|Any CPU.Build.0 = Debug|Any CPU
		{8C4785D2-C16D-4A7A-AF67-6DCD7A183BC8}.Release|Any CPU.ActiveCfg = Release|Any CPU
		{8C4785D2-C16D-4A7A-AF67-6DCD7A183BC8}.Release|Any CPU.Build.0 = Release|Any CPU
	EndGlobalSection
	GlobalSection(NestedProjects) = preSolution
		{8C4785D2-C16D-4A7A-AF67-6DCD7A183BC8} = {79329D2B-0ADD-4BEF-AEA2-2361AB8F873D}
	EndGlobalSection
EndGlobal
